
Microsoft Visual Studio Solution File, Format Version 12.00
# Visual Studio Version 16
VisualStudioVersion = 16.0.29001.49
MinimumVisualStudioVersion = 10.0.40219.1
Project("{FAE04EC0-301F-11D3-BF4B-00C04F79EFBC}") = "GC-Menu", "GC-Menu\GC-Menu.csproj", "{CBD82310-FD1C-4478-9C2E-901C8DA2BB7B}"
EndProject
Global
	GlobalSection(SolutionConfigurationPlatforms) = preSolution
		Debug|Any CPU = Debug|Any CPU
		Release|Any CPU = Release|Any CPU
	EndGlobalSection
	GlobalSection(ProjectConfigurationPlatforms) = postSolution
		{CBD82310-FD1C-4478-9C2E-901C8DA2BB7B}.Debug|Any CPU.ActiveCfg = Debug|Any CPU
		{CBD82310-FD1C-4478-9C2E-901C8DA2BB7B}.Debug|Any CPU.Build.0 = Debug|Any CPU
		{CBD82310-FD1C-4478-9C2E-901C8DA2BB7B}.Release|Any CPU.ActiveCfg = Release|Any CPU
		{CBD82310-FD1C-4478-9C2E-901C8DA2BB7B}.Release|Any CPU.Build.0 = Release|Any CPU
	EndGlobalSection
	GlobalSection(SolutionProperties) = preSolution
		HideSolutionNode = FALSE
	EndGlobalSection
	GlobalSection(ExtensibilityGlobals) = postSolution
		SolutionGuid = {4A77F9A2-E38A-47D8-9C1E-731EF02965E2}
	EndGlobalSection
EndGlobal
